# This file is generated by running "yarn install" inside your project.
# Manual changes might be lost - proceed with caution!

__metadata:
  version: 6
  cacheKey: 8

"@solidity-parser/parser@npm:^0.16.0":
  version: 0.16.1
  resolution: "@solidity-parser/parser@npm:0.16.1"
  dependencies:
    antlr4ts: ^0.5.0-alpha.4
  checksum: d9e2f7042434fb850a97a2c3679f5fbf4997c7845278d0a436b3de30169e6758fe3818191694ece36dc39a40f55ae0384c4ae0ae912790b5b0806728a50466c2
  languageName: node
  linkType: hard

"antlr4ts@npm:^0.5.0-alpha.4":
  version: 0.5.0-dev
  resolution: "antlr4ts@npm:0.5.0-dev"
  dependencies:
    source-map-support: ^0.5.16
  checksum: 640dae2229124372b0329315e9614ae983bb80b1af237d8c0b3e90a2d85fb534e851c51d65d1897c92b36d27851d041ad8d95aab44af19cf7355b3ad11a3ddbf
  languageName: node
  linkType: hard

"buffer-from@npm:^1.0.0":
  version: 1.1.2
  resolution: "buffer-from@npm:1.1.2"
  checksum: 0448524a562b37d4d7ed9efd91685a5b77a50672c556ea254ac9a6d30e3403a517d8981f10e565db24e8339413b43c97ca2951f10e399c6125a0d8911f5679bb
  languageName: node
  linkType: hard

"lru-cache@npm:^6.0.0":
  version: 6.0.0
  resolution: "lru-cache@npm:6.0.0"
  dependencies:
    yallist: ^4.0.0
  checksum: f97f499f898f23e4585742138a22f22526254fdba6d75d41a1c2526b3b6cc5747ef59c5612ba7375f42aca4f8461950e925ba08c991ead0651b4918b7c978297
  languageName: node
  linkType: hard

"prettier-plugin-solidity@npm:^1.1.3":
  version: 1.1.3
  resolution: "prettier-plugin-solidity@npm:1.1.3"
  dependencies:
    "@solidity-parser/parser": ^0.16.0
    semver: ^7.3.8
    solidity-comments-extractor: ^0.0.7
  peerDependencies:
    prettier: ">=2.3.0 || >=3.0.0-alpha.0"
  checksum: d5aadfa411a4d983a2bd204048726fd91fbcaffbfa26d818ef0d6001fb65f82d0eae082e935e96c79e65e09ed979b186311ddb8c38be2f0ce5dd5f5265df77fe
  languageName: node
  linkType: hard

"prettier@npm:^3.0.3":
  version: 3.0.3
  resolution: "prettier@npm:3.0.3"
  bin:
    prettier: bin/prettier.cjs
  checksum: e10b9af02b281f6c617362ebd2571b1d7fc9fb8a3bd17e371754428cda992e5e8d8b7a046e8f7d3e2da1dcd21aa001e2e3c797402ebb6111b5cd19609dd228e0
  languageName: node
  linkType: hard

"semver@npm:^7.3.8":
  version: 7.5.4
  resolution: "semver@npm:7.5.4"
  dependencies:
    lru-cache: ^6.0.0
  bin:
    semver: bin/semver.js
  checksum: 12d8ad952fa353b0995bf180cdac205a4068b759a140e5d3c608317098b3575ac2f1e09182206bf2eb26120e1c0ed8fb92c48c592f6099680de56bb071423ca3
  languageName: node
  linkType: hard

"solidity-comments-extractor@npm:^0.0.7":
  version: 0.0.7
  resolution: "solidity-comments-extractor@npm:0.0.7"
  checksum: a5cedf2310709969bc1783a6c336171478536f2f0ea96ad88437e0ef1e8844c0b37dd75591b0a824ec9c30640ea7e31b5f03128e871e6235bef3426617ce96c4
  languageName: node
  linkType: hard

"source-map-support@npm:^0.5.16":
  version: 0.5.21
  resolution: "source-map-support@npm:0.5.21"
  dependencies:
    buffer-from: ^1.0.0
    source-map: ^0.6.0
  checksum: 43e98d700d79af1d36f859bdb7318e601dfc918c7ba2e98456118ebc4c4872b327773e5a1df09b0524e9e5063bb18f0934538eace60cca2710d1fa687645d137
  languageName: node
  linkType: hard

"source-map@npm:^0.6.0":
  version: 0.6.1
  resolution: "source-map@npm:0.6.1"
  checksum: 59ce8640cf3f3124f64ac289012c2b8bd377c238e316fb323ea22fbfe83da07d81e000071d7242cad7a23cd91c7de98e4df8830ec3f133cb6133a5f6e9f67bc2
  languageName: node
  linkType: hard

"throttle-wallet@workspace:.":
  version: 0.0.0-use.local
  resolution: "throttle-wallet@workspace:."
  dependencies:
    prettier: ^3.0.3
    prettier-plugin-solidity: ^1.1.3
  languageName: unknown
  linkType: soft

"yallist@npm:^4.0.0":
  version: 4.0.0
  resolution: "yallist@npm:4.0.0"
  checksum: 343617202af32df2a15a3be36a5a8c0c8545208f3d3dfbc6bb7c3e3b7e8c6f8e7485432e4f3b88da3031a6e20afa7c711eded32ddfb122896ac5d914e75848d5
  languageName: node
  linkType: hard
